// !$*UTF8*$!
{
	archiveVersion = 1;
	classes = {
	};
	objectVersion = 55;
	objects = {

/* Begin PBXFileReference section */
		4E2650E828C9EDB100842498 /* produkt2.html */ = {isa = PBXFileReference; lastKnownFileType = text.html; path = produkt2.html; sourceTree = "<group>"; };
		4EBF554E28C66EDF00A00E2B /* index.php */ = {isa = PBXFileReference; lastKnownFileType = text.html; path = index.php; sourceTree = "<group>"; };
		4EBF554F28C66EED00A00E2B /* main.css */ = {isa = PBXFileReference; lastKnownFileType = text.css; path = main.css; sourceTree = "<group>"; };
		4EBF555028C79C0800A00E2B /* about.html */ = {isa = PBXFileReference; lastKnownFileType = text.html; path = about.html; sourceTree = "<group>"; };
		4EBF555128C79C2500A00E2B /* return.html */ = {isa = PBXFileReference; lastKnownFileType = text.html; path = return.html; sourceTree = "<group>"; };
		4EBF555228C79C3A00A00E2B /* policy.html */ = {isa = PBXFileReference; lastKnownFileType = text.html; path = policy.html; sourceTree = "<group>"; };
		4EBF555328C79C5F00A00E2B /* terms.html */ = {isa = PBXFileReference; lastKnownFileType = text.html; path = terms.html; sourceTree = "<group>"; };
		4EBF555428C79CFF00A00E2B /* style.css */ = {isa = PBXFileReference; lastKnownFileType = text.css; path = style.css; sourceTree = "<group>"; };
		4EBF555528C7AF3F00A00E2B /* produkt1.html */ = {isa = PBXFileReference; lastKnownFileType = text.html; path = produkt1.html; sourceTree = "<group>"; };
		4EBF555628C7B05600A00E2B /* produkt.css */ = {isa = PBXFileReference; lastKnownFileType = text.css; path = produkt.css; sourceTree = "<group>"; };
		4ED756D928ED72F90054A748 /* order.php */ = {isa = PBXFileReference; lastKnownFileType = text.script.php; path = order.php; sourceTree = "<group>"; };
		4ED756DA28ED86F60054A748 /* order.html */ = {isa = PBXFileReference; lastKnownFileType = text.html; path = order.html; sourceTree = "<group>"; };
		4ED756DB28ED87B30054A748 /* order.css */ = {isa = PBXFileReference; lastKnownFileType = text.css; path = order.css; sourceTree = "<group>"; };
/* End PBXFileReference section */

/* Begin PBXGroup section */
		4EBF554728C66EC700A00E2B = {
			isa = PBXGroup;
			children = (
				4EBF554E28C66EDF00A00E2B /* index.php */,
				4EBF554F28C66EED00A00E2B /* main.css */,
				4EBF555028C79C0800A00E2B /* about.html */,
				4EBF555228C79C3A00A00E2B /* policy.html */,
				4EBF555328C79C5F00A00E2B /* terms.html */,
				4EBF555128C79C2500A00E2B /* return.html */,
				4EBF555428C79CFF00A00E2B /* style.css */,
				4EBF555528C7AF3F00A00E2B /* produkt1.html */,
				4E2650E828C9EDB100842498 /* produkt2.html */,
				4EBF555628C7B05600A00E2B /* produkt.css */,
				4ED756DA28ED86F60054A748 /* order.html */,
				4ED756DB28ED87B30054A748 /* order.css */,
				4ED756D928ED72F90054A748 /* order.php */,
			);
			sourceTree = "<group>";
		};
/* End PBXGroup section */

/* Begin PBXProject section */
		4EBF554828C66EC700A00E2B /* Project object */ = {
			isa = PBXProject;
			attributes = {
				BuildIndependentTargetsInParallel = 1;
				LastUpgradeCheck = 1340;
			};
			buildConfigurationList = 4EBF554B28C66EC700A00E2B /* Build configuration list for PBXProject "jesaispas" */;
			compatibilityVersion = "Xcode 13.0";
			developmentRegion = en;
			hasScannedForEncodings = 0;
			knownRegions = (
				en,
				Base,
			);
			mainGroup = 4EBF554728C66EC700A00E2B;
			projectDirPath = "";
			projectRoot = "";
			targets = (
			);
		};
/* End PBXProject section */

/* Begin XCBuildConfiguration section */
		4EBF554C28C66EC700A00E2B /* Debug */ = {
			isa = XCBuildConfiguration;
			buildSettings = {
			};
			name = Debug;
		};
		4EBF554D28C66EC700A00E2B /* Release */ = {
			isa = XCBuildConfiguration;
			buildSettings = {
			};
			name = Release;
		};
/* End XCBuildConfiguration section */

/* Begin XCConfigurationList section */
		4EBF554B28C66EC700A00E2B /* Build configuration list for PBXProject "jesaispas" */ = {
			isa = XCConfigurationList;
			buildConfigurations = (
				4EBF554C28C66EC700A00E2B /* Debug */,
				4EBF554D28C66EC700A00E2B /* Release */,
			);
			defaultConfigurationIsVisible = 0;
			defaultConfigurationName = Release;
		};
/* End XCConfigurationList section */
	};
	rootObject = 4EBF554828C66EC700A00E2B /* Project object */;
}
